
Microsoft Visual Studio Solution File, Format Version 12.00
# Visual Studio Version 16
VisualStudioVersion = 16.0.31205.134
MinimumVisualStudioVersion = 10.0.40219.1
Project("{FAE04EC0-301F-11D3-BF4B-00C04F79EFBC}") = "StackAndQueueImplementation", "StackAndQueueImplementation\StackAndQueueImplementation.csproj", "{6D802C9C-6F51-4A27-BD40-D0142F62AB4A}"
EndProject
Global
	GlobalSection(SolutionConfigurationPlatforms) = preSolution
		Debug|Any CPU = Debug|Any CPU
		Release|Any CPU = Release|Any CPU
	EndGlobalSection
	GlobalSection(ProjectConfigurationPlatforms) = postSolution
		{6D802C9C-6F51-4A27-BD40-D0142F62AB4A}.Debug|Any CPU.ActiveCfg = Debug|Any CPU
		{6D802C9C-6F51-4A27-BD40-D0142F62AB4A}.Debug|Any CPU.Build.0 = Debug|Any CPU
		{6D802C9C-6F51-4A27-BD40-D0142F62AB4A}.Release|Any CPU.ActiveCfg = Release|Any CPU
		{6D802C9C-6F51-4A27-BD40-D0142F62AB4A}.Release|Any CPU.Build.0 = Release|Any CPU
	EndGlobalSection
	GlobalSection(SolutionProperties) = preSolution
		HideSolutionNode = FALSE
	EndGlobalSection
	GlobalSection(ExtensibilityGlobals) = postSolution
		SolutionGuid = {DC486700-CD38-4D26-97A5-47CA2BBA6D0F}
	EndGlobalSection
EndGlobal
